
Microsoft Visual Studio Solution File, Format Version 12.00
# Visual Studio Version 17
VisualStudioVersion = 17.4.33403.182
MinimumVisualStudioVersion = 10.0.40219.1
Project("{9A19103F-16F7-4668-BE54-9A1E7A4F7556}") = "Excercises", "ConsoleApp1\Excercises.csproj", "{B464DA4C-E346-4602-A8F7-73BD40250A8F}"
EndProject
Project("{9A19103F-16F7-4668-BE54-9A1E7A4F7556}") = "Guided Project", "Guided Project\Guided Project.csproj", "{7AD03451-8B08-4482-A33B-62CCF9AF0981}"
EndProject
Project("{FAE04EC0-301F-11D3-BF4B-00C04F79EFBC}") = "Challenge project", "Challenge project\Challenge project.csproj", "{8471D6C9-8A27-4524-89F9-AE36DAB347B7}"
EndProject
Global
	GlobalSection(SolutionConfigurationPlatforms) = preSolution
		Debug|Any CPU = Debug|Any CPU
		Release|Any CPU = Release|Any CPU
	EndGlobalSection
	GlobalSection(ProjectConfigurationPlatforms) = postSolution
		{B464DA4C-E346-4602-A8F7-73BD40250A8F}.Debug|Any CPU.ActiveCfg = Debug|Any CPU
		{B464DA4C-E346-4602-A8F7-73BD40250A8F}.Debug|Any CPU.Build.0 = Debug|Any CPU
		{B464DA4C-E346-4602-A8F7-73BD40250A8F}.Release|Any CPU.ActiveCfg = Release|Any CPU
		{B464DA4C-E346-4602-A8F7-73BD40250A8F}.Release|Any CPU.Build.0 = Release|Any CPU
		{7AD03451-8B08-4482-A33B-62CCF9AF0981}.Debug|Any CPU.ActiveCfg = Debug|Any CPU
		{7AD03451-8B08-4482-A33B-62CCF9AF0981}.Debug|Any CPU.Build.0 = Debug|Any CPU
		{7AD03451-8B08-4482-A33B-62CCF9AF0981}.Release|Any CPU.ActiveCfg = Release|Any CPU
		{7AD03451-8B08-4482-A33B-62CCF9AF0981}.Release|Any CPU.Build.0 = Release|Any CPU
		{8471D6C9-8A27-4524-89F9-AE36DAB347B7}.Debug|Any CPU.ActiveCfg = Debug|Any CPU
		{8471D6C9-8A27-4524-89F9-AE36DAB347B7}.Debug|Any CPU.Build.0 = Debug|Any CPU
		{8471D6C9-8A27-4524-89F9-AE36DAB347B7}.Release|Any CPU.ActiveCfg = Release|Any CPU
		{8471D6C9-8A27-4524-89F9-AE36DAB347B7}.Release|Any CPU.Build.0 = Release|Any CPU
	EndGlobalSection
	GlobalSection(SolutionProperties) = preSolution
		HideSolutionNode = FALSE
	EndGlobalSection
	GlobalSection(ExtensibilityGlobals) = postSolution
		SolutionGuid = {800E9FF8-CA7F-4960-B00A-7D11B5269E11}
	EndGlobalSection
EndGlobal
